
Microsoft Visual Studio Solution File, Format Version 12.00
# Visual Studio Version 16
VisualStudioVersion = 16.0.30717.126
MinimumVisualStudioVersion = 10.0.40219.1
Project("{FAE04EC0-301F-11D3-BF4B-00C04F79EFBC}") = "Classes-With-Interfaces", "Classes-With-Interfaces.csproj", "{6561AE7D-01B3-49E4-8FF2-219FF3FE4CB4}"
EndProject
Global
	GlobalSection(SolutionConfigurationPlatforms) = preSolution
		Debug|Any CPU = Debug|Any CPU
		Release|Any CPU = Release|Any CPU
	EndGlobalSection
	GlobalSection(ProjectConfigurationPlatforms) = postSolution
		{6561AE7D-01B3-49E4-8FF2-219FF3FE4CB4}.Debug|Any CPU.ActiveCfg = Debug|Any CPU
		{6561AE7D-01B3-49E4-8FF2-219FF3FE4CB4}.Debug|Any CPU.Build.0 = Debug|Any CPU
		{6561AE7D-01B3-49E4-8FF2-219FF3FE4CB4}.Release|Any CPU.ActiveCfg = Release|Any CPU
		{6561AE7D-01B3-49E4-8FF2-219FF3FE4CB4}.Release|Any CPU.Build.0 = Release|Any CPU
	EndGlobalSection
	GlobalSection(SolutionProperties) = preSolution
		HideSolutionNode = FALSE
	EndGlobalSection
	GlobalSection(ExtensibilityGlobals) = postSolution
		SolutionGuid = {3C484454-D9BE-4812-AAB1-8AD22791E8C0}
	EndGlobalSection
EndGlobal
